
Microsoft Visual Studio Solution File, Format Version 12.00
# Visual Studio Version 17
VisualStudioVersion = 17.11.35222.181
MinimumVisualStudioVersion = 10.0.40219.1
Project("{FAE04EC0-301F-11D3-BF4B-00C04F79EFBC}") = "Bhaskara", "ParabolaCeros\Bhaskara.csproj", "{342933C7-77EC-44A0-8726-972C9C4E412F}"
EndProject
Global
	GlobalSection(SolutionConfigurationPlatforms) = preSolution
		Debug|Any CPU = Debug|Any CPU
		Release|Any CPU = Release|Any CPU
	EndGlobalSection
	GlobalSection(ProjectConfigurationPlatforms) = postSolution
		{342933C7-77EC-44A0-8726-972C9C4E412F}.Debug|Any CPU.ActiveCfg = Debug|Any CPU
		{342933C7-77EC-44A0-8726-972C9C4E412F}.Debug|Any CPU.Build.0 = Debug|Any CPU
		{342933C7-77EC-44A0-8726-972C9C4E412F}.Release|Any CPU.ActiveCfg = Release|Any CPU
		{342933C7-77EC-44A0-8726-972C9C4E412F}.Release|Any CPU.Build.0 = Release|Any CPU
	EndGlobalSection
	GlobalSection(SolutionProperties) = preSolution
		HideSolutionNode = FALSE
	EndGlobalSection
	GlobalSection(ExtensibilityGlobals) = postSolution
		SolutionGuid = {935E72AE-E872-4C74-9BEC-4FE13D6DAC21}
	EndGlobalSection
EndGlobal
